
Microsoft Visual Studio Solution File, Format Version 12.00
# Visual Studio Version 17
VisualStudioVersion = 17.6.33801.468
MinimumVisualStudioVersion = 10.0.40219.1
Project("{FAE04EC0-301F-11D3-BF4B-00C04F79EFBC}") = "Proyecto1-MVC-AaronVillalobosArguedas", "Proyecto1-MVC-AaronVillalobosArguedas\Proyecto1-MVC-AaronVillalobosArguedas.csproj", "{1415969E-4439-4B6E-BE41-9A20673216EB}"
EndProject
Global
	GlobalSection(SolutionConfigurationPlatforms) = preSolution
		Debug|Any CPU = Debug|Any CPU
		Release|Any CPU = Release|Any CPU
	EndGlobalSection
	GlobalSection(ProjectConfigurationPlatforms) = postSolution
		{1415969E-4439-4B6E-BE41-9A20673216EB}.Debug|Any CPU.ActiveCfg = Debug|Any CPU
		{1415969E-4439-4B6E-BE41-9A20673216EB}.Debug|Any CPU.Build.0 = Debug|Any CPU
		{1415969E-4439-4B6E-BE41-9A20673216EB}.Release|Any CPU.ActiveCfg = Release|Any CPU
		{1415969E-4439-4B6E-BE41-9A20673216EB}.Release|Any CPU.Build.0 = Release|Any CPU
	EndGlobalSection
	GlobalSection(SolutionProperties) = preSolution
		HideSolutionNode = FALSE
	EndGlobalSection
	GlobalSection(ExtensibilityGlobals) = postSolution
		SolutionGuid = {23B6A0AF-EF06-4CEE-9B09-D34207707B8F}
	EndGlobalSection
EndGlobal
